// !$*UTF8*$!
{
	archiveVersion = 1;
	classes = {
	};
	objectVersion = 46;
	objects = {

/* Begin PBXBuildFile section */
		57F681461DCFBF1F00876EB8 /* AppDelegate.swift in Sources */ = {isa = PBXBuildFile; fileRef = 57F681451DCFBF1F00876EB8 /* AppDelegate.swift */; };
		57F681481DCFBF1F00876EB8 /* ViewController.swift in Sources */ = {isa = PBXBuildFile; fileRef = 57F681471DCFBF1F00876EB8 /* ViewController.swift */; };
		57F6814B1DCFBF1F00876EB8 /* Main.storyboard in Resources */ = {isa = PBXBuildFile; fileRef = 57F681491DCFBF1F00876EB8 /* Main.storyboard */; };
		57F6814D1DCFBF1F00876EB8 /* Assets.xcassets in Resources */ = {isa = PBXBuildFile; fileRef = 57F6814C1DCFBF1F00876EB8 /* Assets.xcassets */; };
		57F681501DCFBF1F00876EB8 /* LaunchScreen.storyboard in Resources */ = {isa = PBXBuildFile; fileRef = 57F6814E1DCFBF1F00876EB8 /* LaunchScreen.storyboard */; };
		57F6815B1DCFBF1F00876EB8 /* MemeMe1_0Tests.swift in Sources */ = {isa = PBXBuildFile; fileRef = 57F6815A1DCFBF1F00876EB8 /* MemeMe1_0Tests.swift */; };
		57F681661DCFBF2000876EB8 /* MemeMe1_0UITests.swift in Sources */ = {isa = PBXBuildFile; fileRef = 57F681651DCFBF2000876EB8 /* MemeMe1_0UITests.swift */; };
		57F681741DD0016300876EB8 /* memeTextFieldDelegate.swift in Sources */ = {isa = PBXBuildFile; fileRef = 57F681731DD0016300876EB8 /* memeTextFieldDelegate.swift */; };
		57F681761DD0301500876EB8 /* Meme.swift in Sources */ = {isa = PBXBuildFile; fileRef = 57F681751DD0301500876EB8 /* Meme.swift */; };
/* End PBXBuildFile section */

/* Begin PBXContainerItemProxy section */
		57F681571DCFBF1F00876EB8 /* PBXContainerItemProxy */ = {
			isa = PBXContainerItemProxy;
			containerPortal = 57F6813A1DCFBF1F00876EB8 /* Project object */;
			proxyType = 1;
			remoteGlobalIDString = 57F681411DCFBF1F00876EB8;
			remoteInfo = MemeMe1.0;
		};
		57F681621DCFBF1F00876EB8 /* PBXContainerItemProxy */ = {
			isa = PBXContainerItemProxy;
			containerPortal = 57F6813A1DCFBF1F00876EB8 /* Project object */;
			proxyType = 1;
			remoteGlobalIDString = 57F681411DCFBF1F00876EB8;
			remoteInfo = MemeMe1.0;
		};
/* End PBXContainerItemProxy section */

/* Begin PBXFileReference section */
		57F681421DCFBF1F00876EB8 /* MemeMe1.0.app */ = {isa = PBXFileReference; explicitFileType = wrapper.application; includeInIndex = 0; path = MemeMe1.0.app; sourceTree = BUILT_PRODUCTS_DIR; };
		57F681451DCFBF1F00876EB8 /* AppDelegate.swift */ = {isa = PBXFileReference; lastKnownFileType = sourcecode.swift; path = AppDelegate.swift; sourceTree = "<group>"; };
		57F681471DCFBF1F00876EB8 /* ViewController.swift */ = {isa = PBXFileReference; lastKnownFileType = sourcecode.swift; path = ViewController.swift; sourceTree = "<group>"; };
		57F6814A1DCFBF1F00876EB8 /* Base */ = {isa = PBXFileReference; lastKnownFileType = file.storyboard; name = Base; path = Base.lproj/Main.storyboard; sourceTree = "<group>"; };
		57F6814C1DCFBF1F00876EB8 /* Assets.xcassets */ = {isa = PBXFileReference; lastKnownFileType = folder.assetcatalog; path = Assets.xcassets; sourceTree = "<group>"; };
		57F6814F1DCFBF1F00876EB8 /* Base */ = {isa = PBXFileReference; lastKnownFileType = file.storyboard; name = Base; path = Base.lproj/LaunchScreen.storyboard; sourceTree = "<group>"; };
		57F681511DCFBF1F00876EB8 /* Info.plist */ = {isa = PBXFileReference; lastKnownFileType = text.plist.xml; path = Info.plist; sourceTree = "<group>"; };
		57F681561DCFBF1F00876EB8 /* MemeMe1.0Tests.xctest */ = {isa = PBXFileReference; explicitFileType = wrapper.cfbundle; includeInIndex = 0; path = MemeMe1.0Tests.xctest; sourceTree = BUILT_PRODUCTS_DIR; };
		57F6815A1DCFBF1F00876EB8 /* MemeMe1_0Tests.swift */ = {isa = PBXFileReference; lastKnownFileType = sourcecode.swift; path = MemeMe1_0Tests.swift; sourceTree = "<group>"; };
		57F6815C1DCFBF1F00876EB8 /* Info.plist */ = {isa = PBXFileReference; lastKnownFileType = text.plist.xml; path = Info.plist; sourceTree = "<group>"; };
		57F681611DCFBF1F00876EB8 /* MemeMe1.0UITests.xctest */ = {isa = PBXFileReference; explicitFileType = wrapper.cfbundle; includeInIndex = 0; path = MemeMe1.0UITests.xctest; sourceTree = BUILT_PRODUCTS_DIR; };
		57F681651DCFBF2000876EB8 /* MemeMe1_0UITests.swift */ = {isa = PBXFileReference; lastKnownFileType = sourcecode.swift; path = MemeMe1_0UITests.swift; sourceTree = "<group>"; };
		57F681671DCFBF2000876EB8 /* Info.plist */ = {isa = PBXFileReference; lastKnownFileType = text.plist.xml; path = Info.plist; sourceTree = "<group>"; };
		57F681731DD0016300876EB8 /* memeTextFieldDelegate.swift */ = {isa = PBXFileReference; fileEncoding = 4; lastKnownFileType = sourcecode.swift; path = memeTextFieldDelegate.swift; sourceTree = "<group>"; };
		57F681751DD0301500876EB8 /* Meme.swift */ = {isa = PBXFileReference; fileEncoding = 4; lastKnownFileType = sourcecode.swift; path = Meme.swift; sourceTree = "<group>"; };
/* End PBXFileReference section */

/* Begin PBXFrameworksBuildPhase section */
		57F6813F1DCFBF1F00876EB8 /* Frameworks */ = {
			isa = PBXFrameworksBuildPhase;
			buildActionMask = 2147483647;
			files = (
			);
			runOnlyForDeploymentPostprocessing = 0;
		};
		57F681531DCFBF1F00876EB8 /* Frameworks */ = {
			isa = PBXFrameworksBuildPhase;
			buildActionMask = 2147483647;
			files = (
			);
			runOnlyForDeploymentPostprocessing = 0;
		};
		57F6815E1DCFBF1F00876EB8 /* Frameworks */ = {
			isa = PBXFrameworksBuildPhase;
			buildActionMask = 2147483647;
			files = (
			);
			runOnlyForDeploymentPostprocessing = 0;
		};
/* End PBXFrameworksBuildPhase section */

/* Begin PBXGroup section */
		57F681391DCFBF1F00876EB8 = {
			isa = PBXGroup;
			children = (
				57F681441DCFBF1F00876EB8 /* MemeMe1.0 */,
				57F681591DCFBF1F00876EB8 /* MemeMe1.0Tests */,
				57F681641DCFBF1F00876EB8 /* MemeMe1.0UITests */,
				57F681431DCFBF1F00876EB8 /* Products */,
			);
			sourceTree = "<group>";
		};
		57F681431DCFBF1F00876EB8 /* Products */ = {
			isa = PBXGroup;
			children = (
				57F681421DCFBF1F00876EB8 /* MemeMe1.0.app */,
				57F681561DCFBF1F00876EB8 /* MemeMe1.0Tests.xctest */,
				57F681611DCFBF1F00876EB8 /* MemeMe1.0UITests.xctest */,
			);
			name = Products;
			sourceTree = "<group>";
		};
		57F681441DCFBF1F00876EB8 /* MemeMe1.0 */ = {
			isa = PBXGroup;
			children = (
				57F681451DCFBF1F00876EB8 /* AppDelegate.swift */,
				57F681471DCFBF1F00876EB8 /* ViewController.swift */,
				57F681491DCFBF1F00876EB8 /* Main.storyboard */,
				57F6814C1DCFBF1F00876EB8 /* Assets.xcassets */,
				57F6814E1DCFBF1F00876EB8 /* LaunchScreen.storyboard */,
				57F681511DCFBF1F00876EB8 /* Info.plist */,
				57F681731DD0016300876EB8 /* memeTextFieldDelegate.swift */,
				57F681751DD0301500876EB8 /* Meme.swift */,
			);
			path = MemeMe1.0;
			sourceTree = "<group>";
		};
		57F681591DCFBF1F00876EB8 /* MemeMe1.0Tests */ = {
			isa = PBXGroup;
			children = (
				57F6815A1DCFBF1F00876EB8 /* MemeMe1_0Tests.swift */,
				57F6815C1DCFBF1F00876EB8 /* Info.plist */,
			);
			path = MemeMe1.0Tests;
			sourceTree = "<group>";
		};
		57F681641DCFBF1F00876EB8 /* MemeMe1.0UITests */ = {
			isa = PBXGroup;
			children = (
				57F681651DCFBF2000876EB8 /* MemeMe1_0UITests.swift */,
				57F681671DCFBF2000876EB8 /* Info.plist */,
			);
			path = MemeMe1.0UITests;
			sourceTree = "<group>";
		};
/* End PBXGroup section */

/* Begin PBXNativeTarget section */
		57F681411DCFBF1F00876EB8 /* MemeMe1.0 */ = {
			isa = PBXNativeTarget;
			buildConfigurationList = 57F6816A1DCFBF2000876EB8 /* Build configuration list for PBXNativeTarget "MemeMe1.0" */;
			buildPhases = (
				57F6813E1DCFBF1F00876EB8 /* Sources */,
				57F6813F1DCFBF1F00876EB8 /* Frameworks */,
				57F681401DCFBF1F00876EB8 /* Resources */,
			);
			buildRules = (
			);
			dependencies = (
			);
			name = MemeMe1.0;
			productName = MemeMe1.0;
			productReference = 57F681421DCFBF1F00876EB8 /* MemeMe1.0.app */;
			productType = "com.apple.product-type.application";
		};
		57F681551DCFBF1F00876EB8 /* MemeMe1.0Tests */ = {
			isa = PBXNativeTarget;
			buildConfigurationList = 57F6816D1DCFBF2000876EB8 /* Build configuration list for PBXNativeTarget "MemeMe1.0Tests" */;
			buildPhases = (
				57F681521DCFBF1F00876EB8 /* Sources */,
				57F681531DCFBF1F00876EB8 /* Frameworks */,
				57F681541DCFBF1F00876EB8 /* Resources */,
			);
			buildRules = (
			);
			dependencies = (
				57F681581DCFBF1F00876EB8 /* PBXTargetDependency */,
			);
			name = MemeMe1.0Tests;
			productName = MemeMe1.0Tests;
			productReference = 57F681561DCFBF1F00876EB8 /* MemeMe1.0Tests.xctest */;
			productType = "com.apple.product-type.bundle.unit-test";
		};
		57F681601DCFBF1F00876EB8 /* MemeMe1.0UITests */ = {
			isa = PBXNativeTarget;
			buildConfigurationList = 57F681701DCFBF2000876EB8 /* Build configuration list for PBXNativeTarget "MemeMe1.0UITests" */;
			buildPhases = (
				57F6815D1DCFBF1F00876EB8 /* Sources */,
				57F6815E1DCFBF1F00876EB8 /* Frameworks */,
				57F6815F1DCFBF1F00876EB8 /* Resources */,
			);
			buildRules = (
			);
			dependencies = (
				57F681631DCFBF1F00876EB8 /* PBXTargetDependency */,
			);
			name = MemeMe1.0UITests;
			productName = MemeMe1.0UITests;
			productReference = 57F681611DCFBF1F00876EB8 /* MemeMe1.0UITests.xctest */;
			productType = "com.apple.product-type.bundle.ui-testing";
		};
/* End PBXNativeTarget section */

/* Begin PBXProject section */
		57F6813A1DCFBF1F00876EB8 /* Project object */ = {
			isa = PBXProject;
			attributes = {
				LastSwiftUpdateCheck = 0800;
				LastUpgradeCheck = 0800;
				ORGANIZATIONNAME = EricTsui;
				TargetAttributes = {
					57F681411DCFBF1F00876EB8 = {
						CreatedOnToolsVersion = 8.0;
						ProvisioningStyle = Automatic;
					};
					57F681551DCFBF1F00876EB8 = {
						CreatedOnToolsVersion = 8.0;
						ProvisioningStyle = Automatic;
						TestTargetID = 57F681411DCFBF1F00876EB8;
					};
					57F681601DCFBF1F00876EB8 = {
						CreatedOnToolsVersion = 8.0;
						ProvisioningStyle = Automatic;
						TestTargetID = 57F681411DCFBF1F00876EB8;
					};
				};
			};
			buildConfigurationList = 57F6813D1DCFBF1F00876EB8 /* Build configuration list for PBXProject "MemeMe1.0" */;
			compatibilityVersion = "Xcode 3.2";
			developmentRegion = English;
			hasScannedForEncodings = 0;
			knownRegions = (
				en,
				Base,
			);
			mainGroup = 57F681391DCFBF1F00876EB8;
			productRefGroup = 57F681431DCFBF1F00876EB8 /* Products */;
			projectDirPath = "";
			projectRoot = "";
			targets = (
				57F681411DCFBF1F00876EB8 /* MemeMe1.0 */,
				57F681551DCFBF1F00876EB8 /* MemeMe1.0Tests */,
				57F681601DCFBF1F00876EB8 /* MemeMe1.0UITests */,
			);
		};
/* End PBXProject section */

/* Begin PBXResourcesBuildPhase section */
		57F681401DCFBF1F00876EB8 /* Resources */ = {
			isa = PBXResourcesBuildPhase;
			buildActionMask = 2147483647;
			files = (
				57F681501DCFBF1F00876EB8 /* LaunchScreen.storyboard in Resources */,
				57F6814D1DCFBF1F00876EB8 /* Assets.xcassets in Resources */,
				57F6814B1DCFBF1F00876EB8 /* Main.storyboard in Resources */,
			);
			runOnlyForDeploymentPostprocessing = 0;
		};
		57F681541DCFBF1F00876EB8 /* Resources */ = {
			isa = PBXResourcesBuildPhase;
			buildActionMask = 2147483647;
			files = (
			);
			runOnlyForDeploymentPostprocessing = 0;
		};
		57F6815F1DCFBF1F00876EB8 /* Resources */ = {
			isa = PBXResourcesBuildPhase;
			buildActionMask = 2147483647;
			files = (
			);
			runOnlyForDeploymentPostprocessing = 0;
		};
/* End PBXResourcesBuildPhase section */

/* Begin PBXSourcesBuildPhase section */
		57F6813E1DCFBF1F00876EB8 /* Sources */ = {
			isa = PBXSourcesBuildPhase;
			buildActionMask = 2147483647;
			files = (
				57F681741DD0016300876EB8 /* memeTextFieldDelegate.swift in Sources */,
				57F681761DD0301500876EB8 /* Meme.swift in Sources */,
				57F681481DCFBF1F00876EB8 /* ViewController.swift in Sources */,
				57F681461DCFBF1F00876EB8 /* AppDelegate.swift in Sources */,
			);
			runOnlyForDeploymentPostprocessing = 0;
		};
		57F681521DCFBF1F00876EB8 /* Sources */ = {
			isa = PBXSourcesBuildPhase;
			buildActionMask = 2147483647;
			files = (
				57F6815B1DCFBF1F00876EB8 /* MemeMe1_0Tests.swift in Sources */,
			);
			runOnlyForDeploymentPostprocessing = 0;
		};
		57F6815D1DCFBF1F00876EB8 /* Sources */ = {
			isa = PBXSourcesBuildPhase;
			buildActionMask = 2147483647;
			files = (
				57F681661DCFBF2000876EB8 /* MemeMe1_0UITests.swift in Sources */,
			);
			runOnlyForDeploymentPostprocessing = 0;
		};
/* End PBXSourcesBuildPhase section */

/* Begin PBXTargetDependency section */
		57F681581DCFBF1F00876EB8 /* PBXTargetDependency */ = {
			isa = PBXTargetDependency;
			target = 57F681411DCFBF1F00876EB8 /* MemeMe1.0 */;
			targetProxy = 57F681571DCFBF1F00876EB8 /* PBXContainerItemProxy */;
		};
		57F681631DCFBF1F00876EB8 /* PBXTargetDependency */ = {
			isa = PBXTargetDependency;
			target = 57F681411DCFBF1F00876EB8 /* MemeMe1.0 */;
			targetProxy = 57F681621DCFBF1F00876EB8 /* PBXContainerItemProxy */;
		};
/* End PBXTargetDependency section */

/* Begin PBXVariantGroup section */
		57F681491DCFBF1F00876EB8 /* Main.storyboard */ = {
			isa = PBXVariantGroup;
			children = (
				57F6814A1DCFBF1F00876EB8 /* Base */,
			);
			name = Main.storyboard;
			sourceTree = "<group>";
		};
		57F6814E1DCFBF1F00876EB8 /* LaunchScreen.storyboard */ = {
			isa = PBXVariantGroup;
			children = (
				57F6814F1DCFBF1F00876EB8 /* Base */,
			);
			name = LaunchScreen.storyboard;
			sourceTree = "<group>";
		};
/* End PBXVariantGroup section */

/* Begin XCBuildConfiguration section */
		57F681681DCFBF2000876EB8 /* Debug */ = {
			isa = XCBuildConfiguration;
			buildSettings = {
				ALWAYS_SEARCH_USER_PATHS = NO;
				CLANG_ANALYZER_NONNULL = YES;
				CLANG_CXX_LANGUAGE_STANDARD = "gnu++0x";
				CLANG_CXX_LIBRARY = "libc++";
				CLANG_ENABLE_MODULES = YES;
				CLANG_ENABLE_OBJC_ARC = YES;
				CLANG_WARN_BOOL_CONVERSION = YES;
				CLANG_WARN_CONSTANT_CONVERSION = YES;
				CLANG_WARN_DIRECT_OBJC_ISA_USAGE = YES_ERROR;
				CLANG_WARN_DOCUMENTATION_COMMENTS = YES;
				CLANG_WARN_EMPTY_BODY = YES;
				CLANG_WARN_ENUM_CONVERSION = YES;
				CLANG_WARN_INFINITE_RECURSION = YES;
				CLANG_WARN_INT_CONVERSION = YES;
				CLANG_WARN_OBJC_ROOT_CLASS = YES_ERROR;
				CLANG_WARN_SUSPICIOUS_MOVES = YES;
				CLANG_WARN_UNREACHABLE_CODE = YES;
				CLANG_WARN__DUPLICATE_METHOD_MATCH = YES;
				"CODE_SIGN_IDENTITY[sdk=iphoneos*]" = "iPhone Developer";
				COPY_PHASE_STRIP = NO;
				DEBUG_INFORMATION_FORMAT = dwarf;
				ENABLE_STRICT_OBJC_MSGSEND = YES;
				ENABLE_TESTABILITY = YES;
				GCC_C_LANGUAGE_STANDARD = gnu99;
				GCC_DYNAMIC_NO_PIC = NO;
				GCC_NO_COMMON_BLOCKS = YES;
				GCC_OPTIMIZATION_LEVEL = 0;
				GCC_PREPROCESSOR_DEFINITIONS = (
					"DEBUG=1",
					"$(inherited)",
				);
				GCC_WARN_64_TO_32_BIT_CONVERSION = YES;
				GCC_WARN_ABOUT_RETURN_TYPE = YES_ERROR;
				GCC_WARN_UNDECLARED_SELECTOR = YES;
				GCC_WARN_UNINITIALIZED_AUTOS = YES_AGGRESSIVE;
				GCC_WARN_UNUSED_FUNCTION = YES;
				GCC_WARN_UNUSED_VARIABLE = YES;
				IPHONEOS_DEPLOYMENT_TARGET = 10.0;
				MTL_ENABLE_DEBUG_INFO = YES;
				ONLY_ACTIVE_ARCH = YES;
				SDKROOT = iphoneos;
				SWIFT_ACTIVE_COMPILATION_CONDITIONS = DEBUG;
				SWIFT_OPTIMIZATION_LEVEL = "-Onone";
			};
			name = Debug;
		};
		57F681691DCFBF2000876EB8 /* Release */ = {
			isa = XCBuildConfiguration;
			buildSettings = {
				ALWAYS_SEARCH_USER_PATHS = NO;
				CLANG_ANALYZER_NONNULL = YES;
				CLANG_CXX_LANGUAGE_STANDARD = "gnu++0x";
				CLANG_CXX_LIBRARY = "libc++";
				CLANG_ENABLE_MODULES = YES;
				CLANG_ENABLE_OBJC_ARC = YES;
				CLANG_WARN_BOOL_CONVERSION = YES;
				CLANG_WARN_CONSTANT_CONVERSION = YES;
				CLANG_WARN_DIRECT_OBJC_ISA_USAGE = YES_ERROR;
				CLANG_WARN_DOCUMENTATION_COMMENTS = YES;
				CLANG_WARN_EMPTY_BODY = YES;
				CLANG_WARN_ENUM_CONVERSION = YES;
				CLANG_WARN_INFINITE_RECURSION = YES;
				CLANG_WARN_INT_CONVERSION = YES;
				CLANG_WARN_OBJC_ROOT_CLASS = YES_ERROR;
				CLANG_WARN_SUSPICIOUS_MOVES = YES;
				CLANG_WARN_UNREACHABLE_CODE = YES;
				CLANG_WARN__DUPLICATE_METHOD_MATCH = YES;
				"CODE_SIGN_IDENTITY[sdk=iphoneos*]" = "iPhone Developer";
				COPY_PHASE_STRIP = NO;
				DEBUG_INFORMATION_FORMAT = "dwarf-with-dsym";
				ENABLE_NS_ASSERTIONS = NO;
				ENABLE_STRICT_OBJC_MSGSEND = YES;
				GCC_C_LANGUAGE_STANDARD = gnu99;
				GCC_NO_COMMON_BLOCKS = YES;
				GCC_WARN_64_TO_32_BIT_CONVERSION = YES;
				GCC_WARN_ABOUT_RETURN_TYPE = YES_ERROR;
				GCC_WARN_UNDECLARED_SELECTOR = YES;
				GCC_WARN_UNINITIALIZED_AUTOS = YES_AGGRESSIVE;
				GCC_WARN_UNUSED_FUNCTION = YES;
				GCC_WARN_UNUSED_VARIABLE = YES;
				IPHONEOS_DEPLOYMENT_TARGET = 10.0;
				MTL_ENABLE_DEBUG_INFO = NO;
				SDKROOT = iphoneos;
				SWIFT_OPTIMIZATION_LEVEL = "-Owholemodule";
				VALIDATE_PRODUCT = YES;
			};
			name = Release;
		};
		57F6816B1DCFBF2000876EB8 /* Debug */ = {
			isa = XCBuildConfiguration;
			buildSettings = {
				ASSETCATALOG_COMPILER_APPICON_NAME = AppIcon;
				INFOPLIST_FILE = MemeMe1.0/Info.plist;
				LD_RUNPATH_SEARCH_PATHS = "$(inherited) @executable_path/Frameworks";
				PRODUCT_BUNDLE_IDENTIFIER = "com.letswift.MemeMe1-0";
				PRODUCT_NAME = "$(TARGET_NAME)";
				SWIFT_VERSION = 3.0;
			};
			name = Debug;
		};
		57F6816C1DCFBF2000876EB8 /* Release */ = {
			isa = XCBuildConfiguration;
			buildSettings = {
				ASSETCATALOG_COMPILER_APPICON_NAME = AppIcon;
				INFOPLIST_FILE = MemeMe1.0/Info.plist;
				LD_RUNPATH_SEARCH_PATHS = "$(inherited) @executable_path/Frameworks";
				PRODUCT_BUNDLE_IDENTIFIER = "com.letswift.MemeMe1-0";
				PRODUCT_NAME = "$(TARGET_NAME)";
				SWIFT_VERSION = 3.0;
			};
			name = Release;
		};
		57F6816E1DCFBF2000876EB8 /* Debug */ = {
			isa = XCBuildConfiguration;
			buildSettings = {
				ALWAYS_EMBED_SWIFT_STANDARD_LIBRARIES = YES;
				BUNDLE_LOADER = "$(TEST_HOST)";
				INFOPLIST_FILE = MemeMe1.0Tests/Info.plist;
				LD_RUNPATH_SEARCH_PATHS = "$(inherited) @executable_path/Frameworks @loader_path/Frameworks";
				PRODUCT_BUNDLE_IDENTIFIER = "com.letswift.MemeMe1-0Tests";
				PRODUCT_NAME = "$(TARGET_NAME)";
				SWIFT_VERSION = 3.0;
				TEST_HOST = "$(BUILT_PRODUCTS_DIR)/MemeMe1.0.app/MemeMe1.0";
			};
			name = Debug;
		};
		57F6816F1DCFBF2000876EB8 /* Release */ = {
			isa = XCBuildConfiguration;
			buildSettings = {
				ALWAYS_EMBED_SWIFT_STANDARD_LIBRARIES = YES;
				BUNDLE_LOADER = "$(TEST_HOST)";
				INFOPLIST_FILE = MemeMe1.0Tests/Info.plist;
				LD_RUNPATH_SEARCH_PATHS = "$(inherited) @executable_path/Frameworks @loader_path/Frameworks";
				PRODUCT_BUNDLE_IDENTIFIER = "com.letswift.MemeMe1-0Tests";
				PRODUCT_NAME = "$(TARGET_NAME)";
				SWIFT_VERSION = 3.0;
				TEST_HOST = "$(BUILT_PRODUCTS_DIR)/MemeMe1.0.app/MemeMe1.0";
			};
			name = Release;
		};
		57F681711DCFBF2000876EB8 /* Debug */ = {
			isa = XCBuildConfiguration;
			buildSettings = {
				ALWAYS_EMBED_SWIFT_STANDARD_LIBRARIES = YES;
				INFOPLIST_FILE = MemeMe1.0UITests/Info.plist;
				LD_RUNPATH_SEARCH_PATHS = "$(inherited) @executable_path/Frameworks @loader_path/Frameworks";
				PRODUCT_BUNDLE_IDENTIFIER = "com.letswift.MemeMe1-0UITests";
				PRODUCT_NAME = "$(TARGET_NAME)";
				SWIFT_VERSION = 3.0;
				TEST_TARGET_NAME = MemeMe1.0;
			};
			name = Debug;
		};
		57F681721DCFBF2000876EB8 /* Release */ = {
			isa = XCBuildConfiguration;
			buildSettings = {
				ALWAYS_EMBED_SWIFT_STANDARD_LIBRARIES = YES;
				INFOPLIST_FILE = MemeMe1.0UITests/Info.plist;
				LD_RUNPATH_SEARCH_PATHS = "$(inherited) @executable_path/Frameworks @loader_path/Frameworks";
				PRODUCT_BUNDLE_IDENTIFIER = "com.letswift.MemeMe1-0UITests";
				PRODUCT_NAME = "$(TARGET_NAME)";
				SWIFT_VERSION = 3.0;
				TEST_TARGET_NAME = MemeMe1.0;
			};
			name = Release;
		};
/* End XCBuildConfiguration section */

/* Begin XCConfigurationList section */
		57F6813D1DCFBF1F00876EB8 /* Build configuration list for PBXProject "MemeMe1.0" */ = {
			isa = XCConfigurationList;
			buildConfigurations = (
				57F681681DCFBF2000876EB8 /* Debug */,
				57F681691DCFBF2000876EB8 /* Release */,
			);
			defaultConfigurationIsVisible = 0;
			defaultConfigurationName = Release;
		};
		57F6816A1DCFBF2000876EB8 /* Build configuration list for PBXNativeTarget "MemeMe1.0" */ = {
			isa = XCConfigurationList;
			buildConfigurations = (
				57F6816B1DCFBF2000876EB8 /* Debug */,
				57F6816C1DCFBF2000876EB8 /* Release */,
			);
			defaultConfigurationIsVisible = 0;
		};
		57F6816D1DCFBF2000876EB8 /* Build configuration list for PBXNativeTarget "MemeMe1.0Tests" */ = {
			isa = XCConfigurationList;
			buildConfigurations = (
				57F6816E1DCFBF2000876EB8 /* Debug */,
				57F6816F1DCFBF2000876EB8 /* Release */,
			);
			defaultConfigurationIsVisible = 0;
		};
		57F681701DCFBF2000876EB8 /* Build configuration list for PBXNativeTarget "MemeMe1.0UITests" */ = {
			isa = XCConfigurationList;
			buildConfigurations = (
				57F681711DCFBF2000876EB8 /* Debug */,
				57F681721DCFBF2000876EB8 /* Release */,
			);
			defaultConfigurationIsVisible = 0;
		};
/* End XCConfigurationList section */
	};
	rootObject = 57F6813A1DCFBF1F00876EB8 /* Project object */;
}
